
Microsoft Visual Studio Solution File, Format Version 12.00
# Visual Studio 14
VisualStudioVersion = 14.0.25420.1
MinimumVisualStudioVersion = 10.0.40219.1
Project("{FAE04EC0-301F-11D3-BF4B-00C04F79EFBC}") = "Timer", "Timer\Timer.csproj", "{3726911D-8D29-4835-B1C1-FBF7C284D8BB}"
EndProject
Project("{FAE04EC0-301F-11D3-BF4B-00C04F79EFBC}") = "Shedulers", "Shedulers\Shedulers.csproj", "{3D6D9FC9-88A9-4C01-AAB9-E99D274041FB}"
EndProject
Project("{FAE04EC0-301F-11D3-BF4B-00C04F79EFBC}") = "Subscribe", "Subscribe\Subscribe.csproj", "{4F2B280F-58D9-4C42-8994-C695BCCDBAA2}"
EndProject
Project("{FAE04EC0-301F-11D3-BF4B-00C04F79EFBC}") = "Interval", "Interval\Interval.csproj", "{23F608E3-6E16-43C2-BC73-F481CE8EE322}"
EndProject
Project("{FAE04EC0-301F-11D3-BF4B-00C04F79EFBC}") = "Buffer", "Buffer\Buffer.csproj", "{4ACB5450-5942-4CFA-9A22-5354075BE77F}"
EndProject
Global
	GlobalSection(SolutionConfigurationPlatforms) = preSolution
		Debug|Any CPU = Debug|Any CPU
		Release|Any CPU = Release|Any CPU
	EndGlobalSection
	GlobalSection(ProjectConfigurationPlatforms) = postSolution
		{3726911D-8D29-4835-B1C1-FBF7C284D8BB}.Debug|Any CPU.ActiveCfg = Debug|Any CPU
		{3726911D-8D29-4835-B1C1-FBF7C284D8BB}.Debug|Any CPU.Build.0 = Debug|Any CPU
		{3726911D-8D29-4835-B1C1-FBF7C284D8BB}.Release|Any CPU.ActiveCfg = Release|Any CPU
		{3726911D-8D29-4835-B1C1-FBF7C284D8BB}.Release|Any CPU.Build.0 = Release|Any CPU
		{3D6D9FC9-88A9-4C01-AAB9-E99D274041FB}.Debug|Any CPU.ActiveCfg = Debug|Any CPU
		{3D6D9FC9-88A9-4C01-AAB9-E99D274041FB}.Debug|Any CPU.Build.0 = Debug|Any CPU
		{3D6D9FC9-88A9-4C01-AAB9-E99D274041FB}.Release|Any CPU.ActiveCfg = Release|Any CPU
		{3D6D9FC9-88A9-4C01-AAB9-E99D274041FB}.Release|Any CPU.Build.0 = Release|Any CPU
		{4F2B280F-58D9-4C42-8994-C695BCCDBAA2}.Debug|Any CPU.ActiveCfg = Debug|Any CPU
		{4F2B280F-58D9-4C42-8994-C695BCCDBAA2}.Debug|Any CPU.Build.0 = Debug|Any CPU
		{4F2B280F-58D9-4C42-8994-C695BCCDBAA2}.Release|Any CPU.ActiveCfg = Release|Any CPU
		{4F2B280F-58D9-4C42-8994-C695BCCDBAA2}.Release|Any CPU.Build.0 = Release|Any CPU
		{23F608E3-6E16-43C2-BC73-F481CE8EE322}.Debug|Any CPU.ActiveCfg = Debug|Any CPU
		{23F608E3-6E16-43C2-BC73-F481CE8EE322}.Debug|Any CPU.Build.0 = Debug|Any CPU
		{23F608E3-6E16-43C2-BC73-F481CE8EE322}.Release|Any CPU.ActiveCfg = Release|Any CPU
		{23F608E3-6E16-43C2-BC73-F481CE8EE322}.Release|Any CPU.Build.0 = Release|Any CPU
		{4ACB5450-5942-4CFA-9A22-5354075BE77F}.Debug|Any CPU.ActiveCfg = Debug|Any CPU
		{4ACB5450-5942-4CFA-9A22-5354075BE77F}.Debug|Any CPU.Build.0 = Debug|Any CPU
		{4ACB5450-5942-4CFA-9A22-5354075BE77F}.Release|Any CPU.ActiveCfg = Release|Any CPU
		{4ACB5450-5942-4CFA-9A22-5354075BE77F}.Release|Any CPU.Build.0 = Release|Any CPU
	EndGlobalSection
	GlobalSection(SolutionProperties) = preSolution
		HideSolutionNode = FALSE
	EndGlobalSection
EndGlobal
